
Microsoft Visual Studio Solution File, Format Version 11.00
# Visual Studio 2010
Project("{FAE04EC0-301F-11D3-BF4B-00C04F79EFBC}") = "ECM.Communication", "source\Communication\ECM.Communication.csproj", "{DB3E8E01-4C58-4486-9062-DF0399A26614}"
EndProject
Project("{FAE04EC0-301F-11D3-BF4B-00C04F79EFBC}") = "ECM.Communication.Tests", "source\Communication\Tests\ECM.Communication.Tests.csproj", "{68A7FCC5-8561-47A1-8270-2C88AB18AC06}"
EndProject
Project("{2150E333-8FDC-42A3-9474-1A3956D46DE8}") = "Documentation", "Documentation", "{07045200-B961-4C29-ABCE-5445327498F0}"
	ProjectSection(SolutionItems) = preProject
		documentation\Appendix A.xsd = documentation\Appendix A.xsd
		documentation\Pr_GOSTR_OR.pdf = documentation\Pr_GOSTR_OR.pdf
	EndProjectSection
EndProject
Global
	GlobalSection(SolutionConfigurationPlatforms) = preSolution
		Debug|Any CPU = Debug|Any CPU
		Release|Any CPU = Release|Any CPU
	EndGlobalSection
	GlobalSection(ProjectConfigurationPlatforms) = postSolution
		{DB3E8E01-4C58-4486-9062-DF0399A26614}.Debug|Any CPU.ActiveCfg = Debug|Any CPU
		{DB3E8E01-4C58-4486-9062-DF0399A26614}.Debug|Any CPU.Build.0 = Debug|Any CPU
		{DB3E8E01-4C58-4486-9062-DF0399A26614}.Release|Any CPU.ActiveCfg = Release|Any CPU
		{DB3E8E01-4C58-4486-9062-DF0399A26614}.Release|Any CPU.Build.0 = Release|Any CPU
		{68A7FCC5-8561-47A1-8270-2C88AB18AC06}.Debug|Any CPU.ActiveCfg = Debug|Any CPU
		{68A7FCC5-8561-47A1-8270-2C88AB18AC06}.Debug|Any CPU.Build.0 = Debug|Any CPU
		{68A7FCC5-8561-47A1-8270-2C88AB18AC06}.Release|Any CPU.ActiveCfg = Release|Any CPU
		{68A7FCC5-8561-47A1-8270-2C88AB18AC06}.Release|Any CPU.Build.0 = Release|Any CPU
	EndGlobalSection
	GlobalSection(SolutionProperties) = preSolution
		HideSolutionNode = FALSE
	EndGlobalSection
EndGlobal
